
Microsoft Visual Studio Solution File, Format Version 12.00
# Visual Studio Version 17
VisualStudioVersion = 17.5.002.0
MinimumVisualStudioVersion = 10.0.40219.1
Project("{9A19103F-16F7-4668-BE54-9A1E7A4F7556}") = "EmtyCore", "EmtyCore.csproj", "{06B93E67-6970-4698-A686-78003E8E4090}"
EndProject
Global
	GlobalSection(SolutionConfigurationPlatforms) = preSolution
		Debug|Any CPU = Debug|Any CPU
		Release|Any CPU = Release|Any CPU
	EndGlobalSection
	GlobalSection(ProjectConfigurationPlatforms) = postSolution
		{06B93E67-6970-4698-A686-78003E8E4090}.Debug|Any CPU.ActiveCfg = Debug|Any CPU
		{06B93E67-6970-4698-A686-78003E8E4090}.Debug|Any CPU.Build.0 = Debug|Any CPU
		{06B93E67-6970-4698-A686-78003E8E4090}.Release|Any CPU.ActiveCfg = Release|Any CPU
		{06B93E67-6970-4698-A686-78003E8E4090}.Release|Any CPU.Build.0 = Release|Any CPU
	EndGlobalSection
	GlobalSection(SolutionProperties) = preSolution
		HideSolutionNode = FALSE
	EndGlobalSection
	GlobalSection(ExtensibilityGlobals) = postSolution
		SolutionGuid = {9471FCCA-642F-4B20-B762-9BF685B195B0}
	EndGlobalSection
EndGlobal
